# This file is automatically @generated by Cargo.
# It is not intended for manual editing.
version = 4

[[package]]
name = "tally-cli"
version = "0.1.0"
dependencies = [
 "tally-core",
]

[[package]]
name = "tally-core"
version = "0.1.0"

[[package]]
name = "tally-db"
version = "0.1.0"
dependencies = [
 "tally-core",
]
